
Microsoft Visual Studio Solution File, Format Version 12.00
Project("{FAE04EC0-301F-11D3-BF4B-00C04F79EFBC}") = "PacketSniffer", "PacketSniffer\PacketSniffer.csproj", "{2EADC647-1C81-4B7A-82C6-6903B517A067}"
EndProject
Global
	GlobalSection(SolutionConfigurationPlatforms) = preSolution
		Debug|Any CPU = Debug|Any CPU
		Release|Any CPU = Release|Any CPU
	EndGlobalSection
	GlobalSection(ProjectConfigurationPlatforms) = postSolution
		{2EADC647-1C81-4B7A-82C6-6903B517A067}.Debug|Any CPU.ActiveCfg = Debug|Any CPU
		{2EADC647-1C81-4B7A-82C6-6903B517A067}.Debug|Any CPU.Build.0 = Debug|Any CPU
		{2EADC647-1C81-4B7A-82C6-6903B517A067}.Release|Any CPU.ActiveCfg = Release|Any CPU
		{2EADC647-1C81-4B7A-82C6-6903B517A067}.Release|Any CPU.Build.0 = Release|Any CPU
	EndGlobalSection
EndGlobal
